{
  "name": "html-repeta",
  "lockfileVersion": 3,
  "requires": true,
  "packages": {
    "": {
      "dependencies": {
        "bootstrap.native": "^5.0.12"
      }
    },
    "node_modules/@thednp/event-listener": {
      "version": "2.0.4",
      "resolved": "https://registry.npmjs.org/@thednp/event-listener/-/event-listener-2.0.4.tgz",
      "integrity": "sha512-sc4B7AzYAIvnGnivirq0XyR7LfzEDhGiiB70Q0qdNn8wSJ2pL1buVAsEZxrlc47qRJiBV4YIP+BFkyMm2r3NLg==",
      "engines": {
        "node": ">=16",
        "pnpm": ">=8.6.0"
      }
    },
    "node_modules/@thednp/shorty": {
      "version": "2.0.0",
      "resolved": "https://registry.npmjs.org/@thednp/shorty/-/shorty-2.0.0.tgz",
      "integrity": "sha512-kwtLivCxYIoFfGIVU4NlZtfdA/zxZ6X8UcWaJrb7XqU3WQ4Q1p5IaZlLBfOVAO06WH5oWE87QUdK/dS56Wnfjg==",
      "engines": {
        "node": ">=16",
        "pnpm": ">=8.6.0"
      }
    },
    "node_modules/bootstrap.native": {
      "version": "5.0.12",
      "resolved": "https://registry.npmjs.org/bootstrap.native/-/bootstrap.native-5.0.12.tgz",
      "integrity": "sha512-qTiFBK7//IgdF9u67w3W91U8C2Fc3TGQh61xa0pbtHmD1YRncncFNNs+6ewG2tW7fBGGMXg57gj5d9Qamr0S+w==",
      "dependencies": {
        "@thednp/event-listener": "^2.0.4",
        "@thednp/shorty": "^2.0.0"
      },
      "engines": {
        "node": ">=16",
        "pnpm": ">=8.6.0"
      }
    }
  }
}
